PODS:
  - Branch (0.27.1):
    - Branch/Core (= 0.27.1)
  - Branch/Core (0.27.1)
  - DocumentReader (4.2.1516)
  - DocumentReaderFull (4.2.93460)

DEPENDENCIES:
  - Branch (= 0.27.1)
  - DocumentReader (~> 4.2)
  - DocumentReaderFull (~> 4.2)

SPEC REPOS:
  https://github.com/cocoapods/specs.git:
    - Branch
    - DocumentReader
    - DocumentReaderFull

SPEC CHECKSUMS:
  Branch: 1ace77c04b6e3efbf982bf4364f0662bfac156a0
  DocumentReader: 446db5b5b332bd8e4fa62c6d90cb38b0ec418645
  DocumentReaderFull: ebb2a5b3c92b63ae8a259c2cb4714f464cc6ef03

PODFILE CHECKSUM: a7b1f95bf8b108079f0789488ded994f40eaa4fe

COCOAPODS: 1.5.3
